
Microsoft Visual Studio Solution File, Format Version 12.00
# Visual Studio Version 16
VisualStudioVersion = 16.0.31424.327
MinimumVisualStudioVersion = 10.0.40219.1
Project("{FAE04EC0-301F-11D3-BF4B-00C04F79EFBC}") = "DeliveryOriginal.Api", "DeliveryOriginal.Api\DeliveryOriginal.Api.csproj", "{6197A066-EC3B-4466-B966-00717146B526}"
EndProject
Project("{FAE04EC0-301F-11D3-BF4B-00C04F79EFBC}") = "DeliveryOriginal.Admin", "DeliveryOriginal.Admin\DeliveryOriginal.Admin.csproj", "{6F96A79D-052D-46E7-9EC8-40C2E261E210}"
EndProject
Project("{FAE04EC0-301F-11D3-BF4B-00C04F79EFBC}") = "DeliveryOriginal.DAL", "DeliveryOriginal.DAL\DeliveryOriginal.DAL.csproj", "{6F9D05CB-EC03-404D-8FDA-41CE9CC0BF4F}"
EndProject
Global
	GlobalSection(SolutionConfigurationPlatforms) = preSolution
		Debug|Any CPU = Debug|Any CPU
		Release|Any CPU = Release|Any CPU
	EndGlobalSection
	GlobalSection(ProjectConfigurationPlatforms) = postSolution
		{6197A066-EC3B-4466-B966-00717146B526}.Debug|Any CPU.ActiveCfg = Debug|Any CPU
		{6197A066-EC3B-4466-B966-00717146B526}.Debug|Any CPU.Build.0 = Debug|Any CPU
		{6197A066-EC3B-4466-B966-00717146B526}.Release|Any CPU.ActiveCfg = Release|Any CPU
		{6197A066-EC3B-4466-B966-00717146B526}.Release|Any CPU.Build.0 = Release|Any CPU
		{6F96A79D-052D-46E7-9EC8-40C2E261E210}.Debug|Any CPU.ActiveCfg = Debug|Any CPU
		{6F96A79D-052D-46E7-9EC8-40C2E261E210}.Debug|Any CPU.Build.0 = Debug|Any CPU
		{6F96A79D-052D-46E7-9EC8-40C2E261E210}.Release|Any CPU.ActiveCfg = Release|Any CPU
		{6F96A79D-052D-46E7-9EC8-40C2E261E210}.Release|Any CPU.Build.0 = Release|Any CPU
		{6F9D05CB-EC03-404D-8FDA-41CE9CC0BF4F}.Debug|Any CPU.ActiveCfg = Debug|Any CPU
		{6F9D05CB-EC03-404D-8FDA-41CE9CC0BF4F}.Debug|Any CPU.Build.0 = Debug|Any CPU
		{6F9D05CB-EC03-404D-8FDA-41CE9CC0BF4F}.Release|Any CPU.ActiveCfg = Release|Any CPU
		{6F9D05CB-EC03-404D-8FDA-41CE9CC0BF4F}.Release|Any CPU.Build.0 = Release|Any CPU
	EndGlobalSection
	GlobalSection(SolutionProperties) = preSolution
		HideSolutionNode = FALSE
	EndGlobalSection
	GlobalSection(ExtensibilityGlobals) = postSolution
		SolutionGuid = {46534F32-3519-4184-945A-C63E5632993C}
	EndGlobalSection
EndGlobal
